
Microsoft Visual Studio Solution File, Format Version 12.00
# Visual Studio Version 17
VisualStudioVersion = 17.11.35303.130
MinimumVisualStudioVersion = 10.0.40219.1
Project("{FAE04EC0-301F-11D3-BF4B-00C04F79EFBC}") = "VisionDestinator", "VisionDestinator\VisionDestinator.csproj", "{C20C7773-9E3B-480C-BD8E-FD67B35BE70C}"
EndProject
Global
	GlobalSection(SolutionConfigurationPlatforms) = preSolution
		Debug|Any CPU = Debug|Any CPU
		Release|Any CPU = Release|Any CPU
	EndGlobalSection
	GlobalSection(ProjectConfigurationPlatforms) = postSolution
		{C20C7773-9E3B-480C-BD8E-FD67B35BE70C}.Debug|Any CPU.ActiveCfg = Debug|Any CPU
		{C20C7773-9E3B-480C-BD8E-FD67B35BE70C}.Debug|Any CPU.Build.0 = Debug|Any CPU
		{C20C7773-9E3B-480C-BD8E-FD67B35BE70C}.Release|Any CPU.ActiveCfg = Release|Any CPU
		{C20C7773-9E3B-480C-BD8E-FD67B35BE70C}.Release|Any CPU.Build.0 = Release|Any CPU
	EndGlobalSection
	GlobalSection(SolutionProperties) = preSolution
		HideSolutionNode = FALSE
	EndGlobalSection
	GlobalSection(ExtensibilityGlobals) = postSolution
		SolutionGuid = {2ED47EDD-4A4D-4382-B4E5-065A0A87B276}
	EndGlobalSection
EndGlobal
